
Microsoft Visual Studio Solution File, Format Version 12.00
# Visual Studio Version 17
VisualStudioVersion = 17.4.33122.133
MinimumVisualStudioVersion = 10.0.40219.1
Project("{FAE04EC0-301F-11D3-BF4B-00C04F79EFBC}") = "TaskDay", "TaskDay\TaskDay.csproj", "{55FD002F-1469-4C50-AB8A-B0A430D23496}"
EndProject
Global
	GlobalSection(SolutionConfigurationPlatforms) = preSolution
		Debug|Any CPU = Debug|Any CPU
		Release|Any CPU = Release|Any CPU
	EndGlobalSection
	GlobalSection(ProjectConfigurationPlatforms) = postSolution
		{55FD002F-1469-4C50-AB8A-B0A430D23496}.Debug|Any CPU.ActiveCfg = Debug|Any CPU
		{55FD002F-1469-4C50-AB8A-B0A430D23496}.Debug|Any CPU.Build.0 = Debug|Any CPU
		{55FD002F-1469-4C50-AB8A-B0A430D23496}.Release|Any CPU.ActiveCfg = Release|Any CPU
		{55FD002F-1469-4C50-AB8A-B0A430D23496}.Release|Any CPU.Build.0 = Release|Any CPU
	EndGlobalSection
	GlobalSection(SolutionProperties) = preSolution
		HideSolutionNode = FALSE
	EndGlobalSection
	GlobalSection(ExtensibilityGlobals) = postSolution
		SolutionGuid = {F3847BD4-B50C-457C-8637-FBAC3495BF7A}
	EndGlobalSection
EndGlobal
